// !$*UTF8*$!
{
	archiveVersion = 1;
	classes = {
	};
	objectVersion = 51;
	objects = {

/* Begin PBXBuildFile section */
		3A2F85232433C0F500350726 /* AppDelegate.swift in Sources */ = {isa = PBXBuildFile; fileRef = 3A2F85222433C0F500350726 /* AppDelegate.swift */; };
		3A2F85252433C0F500350726 /* SceneDelegate.swift in Sources */ = {isa = PBXBuildFile; fileRef = 3A2F85242433C0F500350726 /* SceneDelegate.swift */; };
		3A2F85272433C0F500350726 /* FirstViewController.swift in Sources */ = {isa = PBXBuildFile; fileRef = 3A2F85262433C0F500350726 /* FirstViewController.swift */; };
		3A2F852C2433C0F500350726 /* Main.storyboard in Resources */ = {isa = PBXBuildFile; fileRef = 3A2F852A2433C0F500350726 /* Main.storyboard */; };
		3A2F852F2433C0F500350726 /* RecordingRoutes.xcdatamodeld in Sources */ = {isa = PBXBuildFile; fileRef = 3A2F852D2433C0F500350726 /* RecordingRoutes.xcdatamodeld */; };
		3A2F85312433C0F600350726 /* Assets.xcassets in Resources */ = {isa = PBXBuildFile; fileRef = 3A2F85302433C0F600350726 /* Assets.xcassets */; };
		3A2F85342433C0F600350726 /* LaunchScreen.storyboard in Resources */ = {isa = PBXBuildFile; fileRef = 3A2F85322433C0F600350726 /* LaunchScreen.storyboard */; };
		3A3A19102437DFB90076DCDE /* map.png in Resources */ = {isa = PBXBuildFile; fileRef = 3A3A190E2437DFB80076DCDE /* map.png */; };
		3A3A19112437DFB90076DCDE /* map_route.png in Resources */ = {isa = PBXBuildFile; fileRef = 3A3A190F2437DFB80076DCDE /* map_route.png */; };
		3A3A19132437E2300076DCDE /* RoutesViewController.swift in Sources */ = {isa = PBXBuildFile; fileRef = 3A3A19122437E2300076DCDE /* RoutesViewController.swift */; };
		3A3A19152437E4540076DCDE /* RouteTableViewCell.swift in Sources */ = {isa = PBXBuildFile; fileRef = 3A3A19142437E4540076DCDE /* RouteTableViewCell.swift */; };
		3A3A191C243820F50076DCDE /* DetailsViewController.swift in Sources */ = {isa = PBXBuildFile; fileRef = 3A3A191A243820F50076DCDE /* DetailsViewController.swift */; };
		3A3A191D243820F50076DCDE /* DetailsViewController.xib in Resources */ = {isa = PBXBuildFile; fileRef = 3A3A191B243820F50076DCDE /* DetailsViewController.xib */; };
		3A3A191F24386DEA0076DCDE /* MapsHandler.swift in Sources */ = {isa = PBXBuildFile; fileRef = 3A3A191E24386DEA0076DCDE /* MapsHandler.swift */; };
		3A42754724347B8600AAF1FA /* truck4.png in Resources */ = {isa = PBXBuildFile; fileRef = 3A42753F24347B8500AAF1FA /* truck4.png */; };
		3A42754824347B8600AAF1FA /* truck1.png in Resources */ = {isa = PBXBuildFile; fileRef = 3A42754024347B8600AAF1FA /* truck1.png */; };
		3A42754924347B8600AAF1FA /* truck7.png in Resources */ = {isa = PBXBuildFile; fileRef = 3A42754124347B8600AAF1FA /* truck7.png */; };
		3A42754A24347B8600AAF1FA /* truck3.png in Resources */ = {isa = PBXBuildFile; fileRef = 3A42754224347B8600AAF1FA /* truck3.png */; };
		3A42754B24347B8600AAF1FA /* truck8.png in Resources */ = {isa = PBXBuildFile; fileRef = 3A42754324347B8600AAF1FA /* truck8.png */; };
		3A42754C24347B8600AAF1FA /* truck2.png in Resources */ = {isa = PBXBuildFile; fileRef = 3A42754424347B8600AAF1FA /* truck2.png */; };
		3A42754D24347B8600AAF1FA /* truck5.png in Resources */ = {isa = PBXBuildFile; fileRef = 3A42754524347B8600AAF1FA /* truck5.png */; };
		3A42754E24347B8600AAF1FA /* truck6.png in Resources */ = {isa = PBXBuildFile; fileRef = 3A42754624347B8600AAF1FA /* truck6.png */; };
		3A9421952439112100149773 /* RoutesHandler.swift in Sources */ = {isa = PBXBuildFile; fileRef = 3A9421942439112100149773 /* RoutesHandler.swift */; };
		3A9421972439140900149773 /* Global.swift in Sources */ = {isa = PBXBuildFile; fileRef = 3A9421962439140900149773 /* Global.swift */; };
		3A94219A2439217700149773 /* timer.png in Resources */ = {isa = PBXBuildFile; fileRef = 3A9421982439217700149773 /* timer.png */; };
		3A94219B2439217700149773 /* ruler.png in Resources */ = {isa = PBXBuildFile; fileRef = 3A9421992439217700149773 /* ruler.png */; };
		3A94219D243942F100149773 /* TimeHandler.swift in Sources */ = {isa = PBXBuildFile; fileRef = 3A94219C243942F100149773 /* TimeHandler.swift */; };
		3AB4235E243D066400909081 /* RouteViewModel.swift in Sources */ = {isa = PBXBuildFile; fileRef = 3AB4235D243D066400909081 /* RouteViewModel.swift */; };
		AB526B25E4A111E095F1E621 /* Pods_RecordingRoutes.framework in Frameworks */ = {isa = PBXBuildFile; fileRef = 50B972D4737F1144044E2954 /* Pods_RecordingRoutes.framework */; };
/* End PBXBuildFile section */

/* Begin PBXFileReference section */
		01E88DA78AF7891FCB7E13B8 /* Pods-RecordingRoutes.release.xcconfig */ = {isa = PBXFileReference; includeInIndex = 1; lastKnownFileType = text.xcconfig; name = "Pods-RecordingRoutes.release.xcconfig"; path = "Target Support Files/Pods-RecordingRoutes/Pods-RecordingRoutes.release.xcconfig"; sourceTree = "<group>"; };
		3A2F851F2433C0F500350726 /* RecordingRoutes.app */ = {isa = PBXFileReference; explicitFileType = wrapper.application; includeInIndex = 0; path = RecordingRoutes.app; sourceTree = BUILT_PRODUCTS_DIR; };
		3A2F85222433C0F500350726 /* AppDelegate.swift */ = {isa = PBXFileReference; lastKnownFileType = sourcecode.swift; path = AppDelegate.swift; sourceTree = "<group>"; };
		3A2F85242433C0F500350726 /* SceneDelegate.swift */ = {isa = PBXFileReference; lastKnownFileType = sourcecode.swift; path = SceneDelegate.swift; sourceTree = "<group>"; };
		3A2F85262433C0F500350726 /* FirstViewController.swift */ = {isa = PBXFileReference; lastKnownFileType = sourcecode.swift; path = FirstViewController.swift; sourceTree = "<group>"; };
		3A2F852B2433C0F500350726 /* Base */ = {isa = PBXFileReference; lastKnownFileType = file.storyboard; name = Base; path = Base.lproj/Main.storyboard; sourceTree = "<group>"; };
		3A2F852E2433C0F500350726 /* RecordingRoutes.xcdatamodel */ = {isa = PBXFileReference; lastKnownFileType = wrapper.xcdatamodel; path = RecordingRoutes.xcdatamodel; sourceTree = "<group>"; };
		3A2F85302433C0F600350726 /* Assets.xcassets */ = {isa = PBXFileReference; lastKnownFileType = folder.assetcatalog; path = Assets.xcassets; sourceTree = "<group>"; };
		3A2F85332433C0F600350726 /* Base */ = {isa = PBXFileReference; lastKnownFileType = file.storyboard; name = Base; path = Base.lproj/LaunchScreen.storyboard; sourceTree = "<group>"; };
		3A2F85352433C0F600350726 /* Info.plist */ = {isa = PBXFileReference; lastKnownFileType = text.plist.xml; path = Info.plist; sourceTree = "<group>"; };
		3A3A190E2437DFB80076DCDE /* map.png */ = {isa = PBXFileReference; lastKnownFileType = image.png; path = map.png; sourceTree = "<group>"; };
		3A3A190F2437DFB80076DCDE /* map_route.png */ = {isa = PBXFileReference; lastKnownFileType = image.png; path = map_route.png; sourceTree = "<group>"; };
		3A3A19122437E2300076DCDE /* RoutesViewController.swift */ = {isa = PBXFileReference; lastKnownFileType = sourcecode.swift; path = RoutesViewController.swift; sourceTree = "<group>"; };
		3A3A19142437E4540076DCDE /* RouteTableViewCell.swift */ = {isa = PBXFileReference; lastKnownFileType = sourcecode.swift; path = RouteTableViewCell.swift; sourceTree = "<group>"; };
		3A3A191A243820F50076DCDE /* DetailsViewController.swift */ = {isa = PBXFileReference; lastKnownFileType = sourcecode.swift; path = DetailsViewController.swift; sourceTree = "<group>"; };
		3A3A191B243820F50076DCDE /* DetailsViewController.xib */ = {isa = PBXFileReference; lastKnownFileType = file.xib; path = DetailsViewController.xib; sourceTree = "<group>"; };
		3A3A191E24386DEA0076DCDE /* MapsHandler.swift */ = {isa = PBXFileReference; lastKnownFileType = sourcecode.swift; path = MapsHandler.swift; sourceTree = "<group>"; };
		3A42753F24347B8500AAF1FA /* truck4.png */ = {isa = PBXFileReference; lastKnownFileType = image.png; path = truck4.png; sourceTree = "<group>"; };
		3A42754024347B8600AAF1FA /* truck1.png */ = {isa = PBXFileReference; lastKnownFileType = image.png; path = truck1.png; sourceTree = "<group>"; };
		3A42754124347B8600AAF1FA /* truck7.png */ = {isa = PBXFileReference; lastKnownFileType = image.png; path = truck7.png; sourceTree = "<group>"; };
		3A42754224347B8600AAF1FA /* truck3.png */ = {isa = PBXFileReference; lastKnownFileType = image.png; path = truck3.png; sourceTree = "<group>"; };
		3A42754324347B8600AAF1FA /* truck8.png */ = {isa = PBXFileReference; lastKnownFileType = image.png; path = truck8.png; sourceTree = "<group>"; };
		3A42754424347B8600AAF1FA /* truck2.png */ = {isa = PBXFileReference; lastKnownFileType = image.png; path = truck2.png; sourceTree = "<group>"; };
		3A42754524347B8600AAF1FA /* truck5.png */ = {isa = PBXFileReference; lastKnownFileType = image.png; path = truck5.png; sourceTree = "<group>"; };
		3A42754624347B8600AAF1FA /* truck6.png */ = {isa = PBXFileReference; lastKnownFileType = image.png; path = truck6.png; sourceTree = "<group>"; };
		3A9421942439112100149773 /* RoutesHandler.swift */ = {isa = PBXFileReference; lastKnownFileType = sourcecode.swift; path = RoutesHandler.swift; sourceTree = "<group>"; };
		3A9421962439140900149773 /* Global.swift */ = {isa = PBXFileReference; lastKnownFileType = sourcecode.swift; path = Global.swift; sourceTree = "<group>"; };
		3A9421982439217700149773 /* timer.png */ = {isa = PBXFileReference; lastKnownFileType = image.png; path = timer.png; sourceTree = "<group>"; };
		3A9421992439217700149773 /* ruler.png */ = {isa = PBXFileReference; lastKnownFileType = image.png; path = ruler.png; sourceTree = "<group>"; };
		3A94219C243942F100149773 /* TimeHandler.swift */ = {isa = PBXFileReference; lastKnownFileType = sourcecode.swift; path = TimeHandler.swift; sourceTree = "<group>"; };
		3AB4235D243D066400909081 /* RouteViewModel.swift */ = {isa = PBXFileReference; lastKnownFileType = sourcecode.swift; path = RouteViewModel.swift; sourceTree = "<group>"; };
		50B972D4737F1144044E2954 /* Pods_RecordingRoutes.framework */ = {isa = PBXFileReference; explicitFileType = wrapper.framework; includeInIndex = 0; path = Pods_RecordingRoutes.framework; sourceTree = BUILT_PRODUCTS_DIR; };
		B99CAD13823C21CE39D18745 /* Pods-RecordingRoutes.debug.xcconfig */ = {isa = PBXFileReference; includeInIndex = 1; lastKnownFileType = text.xcconfig; name = "Pods-RecordingRoutes.debug.xcconfig"; path = "Target Support Files/Pods-RecordingRoutes/Pods-RecordingRoutes.debug.xcconfig"; sourceTree = "<group>"; };
/* End PBXFileReference section */

/* Begin PBXFrameworksBuildPhase section */
		3A2F851C2433C0F500350726 /* Frameworks */ = {
			isa = PBXFrameworksBuildPhase;
			buildActionMask = 2147483647;
			files = (
				AB526B25E4A111E095F1E621 /* Pods_RecordingRoutes.framework in Frameworks */,
			);
			runOnlyForDeploymentPostprocessing = 0;
		};
/* End PBXFrameworksBuildPhase section */

/* Begin PBXGroup section */
		1636779D7AB87A042CC6AE8D /* Pods */ = {
			isa = PBXGroup;
			children = (
				B99CAD13823C21CE39D18745 /* Pods-RecordingRoutes.debug.xcconfig */,
				01E88DA78AF7891FCB7E13B8 /* Pods-RecordingRoutes.release.xcconfig */,
			);
			path = Pods;
			sourceTree = "<group>";
		};
		3A2F85162433C0F500350726 = {
			isa = PBXGroup;
			children = (
				3A2F85212433C0F500350726 /* RecordingRoutes */,
				3A2F85202433C0F500350726 /* Products */,
				1636779D7AB87A042CC6AE8D /* Pods */,
				A4ACF636BE092FB40B5BEE42 /* Frameworks */,
			);
			sourceTree = "<group>";
		};
		3A2F85202433C0F500350726 /* Products */ = {
			isa = PBXGroup;
			children = (
				3A2F851F2433C0F500350726 /* RecordingRoutes.app */,
			);
			name = Products;
			sourceTree = "<group>";
		};
		3A2F85212433C0F500350726 /* RecordingRoutes */ = {
			isa = PBXGroup;
			children = (
				3AB4235C243C0D0200909081 /* ViewModel */,
				3A4275512435782100AAF1FA /* Controller */,
				3A4275502435781A00AAF1FA /* View */,
				3A42754F2435781100AAF1FA /* Model */,
				3A42753D24347B5100AAF1FA /* Resources */,
				3A2F85222433C0F500350726 /* AppDelegate.swift */,
				3A2F85242433C0F500350726 /* SceneDelegate.swift */,
				3A2F85262433C0F500350726 /* FirstViewController.swift */,
				3A2F852A2433C0F500350726 /* Main.storyboard */,
				3A2F85302433C0F600350726 /* Assets.xcassets */,
				3A2F85322433C0F600350726 /* LaunchScreen.storyboard */,
				3A2F85352433C0F600350726 /* Info.plist */,
				3A2F852D2433C0F500350726 /* RecordingRoutes.xcdatamodeld */,
			);
			path = RecordingRoutes;
			sourceTree = "<group>";
		};
		3A42753D24347B5100AAF1FA /* Resources */ = {
			isa = PBXGroup;
			children = (
				3A42753E24347B6B00AAF1FA /* Images */,
			);
			path = Resources;
			sourceTree = "<group>";
		};
		3A42753E24347B6B00AAF1FA /* Images */ = {
			isa = PBXGroup;
			children = (
				3A9421992439217700149773 /* ruler.png */,
				3A9421982439217700149773 /* timer.png */,
				3A3A190F2437DFB80076DCDE /* map_route.png */,
				3A3A190E2437DFB80076DCDE /* map.png */,
				3A42754024347B8600AAF1FA /* truck1.png */,
				3A42754424347B8600AAF1FA /* truck2.png */,
				3A42754224347B8600AAF1FA /* truck3.png */,
				3A42753F24347B8500AAF1FA /* truck4.png */,
				3A42754524347B8600AAF1FA /* truck5.png */,
				3A42754624347B8600AAF1FA /* truck6.png */,
				3A42754124347B8600AAF1FA /* truck7.png */,
				3A42754324347B8600AAF1FA /* truck8.png */,
			);
			path = Images;
			sourceTree = "<group>";
		};
		3A42754F2435781100AAF1FA /* Model */ = {
			isa = PBXGroup;
			children = (
				3A3A191E24386DEA0076DCDE /* MapsHandler.swift */,
				3A9421942439112100149773 /* RoutesHandler.swift */,
				3A9421962439140900149773 /* Global.swift */,
				3A94219C243942F100149773 /* TimeHandler.swift */,
			);
			path = Model;
			sourceTree = "<group>";
		};
		3A4275502435781A00AAF1FA /* View */ = {
			isa = PBXGroup;
			children = (
				3A3A191B243820F50076DCDE /* DetailsViewController.xib */,
				3A3A19142437E4540076DCDE /* RouteTableViewCell.swift */,
			);
			path = View;
			sourceTree = "<group>";
		};
		3A4275512435782100AAF1FA /* Controller */ = {
			isa = PBXGroup;
			children = (
				3A3A19122437E2300076DCDE /* RoutesViewController.swift */,
				3A3A191A243820F50076DCDE /* DetailsViewController.swift */,
			);
			path = Controller;
			sourceTree = "<group>";
		};
		3AB4235C243C0D0200909081 /* ViewModel */ = {
			isa = PBXGroup;
			children = (
				3AB4235D243D066400909081 /* RouteViewModel.swift */,
			);
			path = ViewModel;
			sourceTree = "<group>";
		};
		A4ACF636BE092FB40B5BEE42 /* Frameworks */ = {
			isa = PBXGroup;
			children = (
				50B972D4737F1144044E2954 /* Pods_RecordingRoutes.framework */,
			);
			name = Frameworks;
			sourceTree = "<group>";
		};
/* End PBXGroup section */

/* Begin PBXNativeTarget section */
		3A2F851E2433C0F500350726 /* RecordingRoutes */ = {
			isa = PBXNativeTarget;
			buildConfigurationList = 3A2F85382433C0F600350726 /* Build configuration list for PBXNativeTarget "RecordingRoutes" */;
			buildPhases = (
				04BCD148C98E4B4A3C087841 /* [CP] Check Pods Manifest.lock */,
				3A2F851B2433C0F500350726 /* Sources */,
				3A2F851C2433C0F500350726 /* Frameworks */,
				3A2F851D2433C0F500350726 /* Resources */,
				4348AC2AB5825733B45587A6 /* [CP] Embed Pods Frameworks */,
				F510E5D163C46FF92F8E6FFA /* [CP] Copy Pods Resources */,
			);
			buildRules = (
			);
			dependencies = (
			);
			name = RecordingRoutes;
			productName = RecordingRoutes;
			productReference = 3A2F851F2433C0F500350726 /* RecordingRoutes.app */;
			productType = "com.apple.product-type.application";
		};
/* End PBXNativeTarget section */

/* Begin PBXProject section */
		3A2F85172433C0F500350726 /* Project object */ = {
			isa = PBXProject;
			attributes = {
				LastSwiftUpdateCheck = 1130;
				LastUpgradeCheck = 1130;
				ORGANIZATIONNAME = AdrianCruz;
				TargetAttributes = {
					3A2F851E2433C0F500350726 = {
						CreatedOnToolsVersion = 11.3.1;
					};
				};
			};
			buildConfigurationList = 3A2F851A2433C0F500350726 /* Build configuration list for PBXProject "RecordingRoutes" */;
			compatibilityVersion = "Xcode 9.3";
			developmentRegion = en;
			hasScannedForEncodings = 0;
			knownRegions = (
				en,
				Base,
			);
			mainGroup = 3A2F85162433C0F500350726;
			productRefGroup = 3A2F85202433C0F500350726 /* Products */;
			projectDirPath = "";
			projectRoot = "";
			targets = (
				3A2F851E2433C0F500350726 /* RecordingRoutes */,
			);
		};
/* End PBXProject section */

/* Begin PBXResourcesBuildPhase section */
		3A2F851D2433C0F500350726 /* Resources */ = {
			isa = PBXResourcesBuildPhase;
			buildActionMask = 2147483647;
			files = (
				3A3A19102437DFB90076DCDE /* map.png in Resources */,
				3A42754824347B8600AAF1FA /* truck1.png in Resources */,
				3A42754A24347B8600AAF1FA /* truck3.png in Resources */,
				3A2F85342433C0F600350726 /* LaunchScreen.storyboard in Resources */,
				3A2F85312433C0F600350726 /* Assets.xcassets in Resources */,
				3A42754E24347B8600AAF1FA /* truck6.png in Resources */,
				3A94219B2439217700149773 /* ruler.png in Resources */,
				3A42754924347B8600AAF1FA /* truck7.png in Resources */,
				3A3A191D243820F50076DCDE /* DetailsViewController.xib in Resources */,
				3A94219A2439217700149773 /* timer.png in Resources */,
				3A3A19112437DFB90076DCDE /* map_route.png in Resources */,
				3A42754D24347B8600AAF1FA /* truck5.png in Resources */,
				3A42754C24347B8600AAF1FA /* truck2.png in Resources */,
				3A42754724347B8600AAF1FA /* truck4.png in Resources */,
				3A42754B24347B8600AAF1FA /* truck8.png in Resources */,
				3A2F852C2433C0F500350726 /* Main.storyboard in Resources */,
			);
			runOnlyForDeploymentPostprocessing = 0;
		};
/* End PBXResourcesBuildPhase section */

/* Begin PBXShellScriptBuildPhase section */
		04BCD148C98E4B4A3C087841 /* [CP] Check Pods Manifest.lock */ = {
			isa = PBXShellScriptBuildPhase;
			buildActionMask = 2147483647;
			files = (
			);
			inputFileListPaths = (
			);
			inputPaths = (
				"${PODS_PODFILE_DIR_PATH}/Podfile.lock",
				"${PODS_ROOT}/Manifest.lock",
			);
			name = "[CP] Check Pods Manifest.lock";
			outputFileListPaths = (
			);
			outputPaths = (
				"$(DERIVED_FILE_DIR)/Pods-RecordingRoutes-checkManifestLockResult.txt",
			);
			runOnlyForDeploymentPostprocessing = 0;
			shellPath = /bin/sh;
			shellScript = "diff \"${PODS_PODFILE_DIR_PATH}/Podfile.lock\" \"${PODS_ROOT}/Manifest.lock\" > /dev/null\nif [ $? != 0 ] ; then\n    # print error to STDERR\n    echo \"error: The sandbox is not in sync with the Podfile.lock. Run 'pod install' or update your CocoaPods installation.\" >&2\n    exit 1\nfi\n# This output is used by Xcode 'outputs' to avoid re-running this script phase.\necho \"SUCCESS\" > \"${SCRIPT_OUTPUT_FILE_0}\"\n";
			showEnvVarsInLog = 0;
		};
		4348AC2AB5825733B45587A6 /* [CP] Embed Pods Frameworks */ = {
			isa = PBXShellScriptBuildPhase;
			buildActionMask = 2147483647;
			files = (
			);
			inputFileListPaths = (
				"${PODS_ROOT}/Target Support Files/Pods-RecordingRoutes/Pods-RecordingRoutes-frameworks-${CONFIGURATION}-input-files.xcfilelist",
			);
			name = "[CP] Embed Pods Frameworks";
			outputFileListPaths = (
				"${PODS_ROOT}/Target Support Files/Pods-RecordingRoutes/Pods-RecordingRoutes-frameworks-${CONFIGURATION}-output-files.xcfilelist",
			);
			runOnlyForDeploymentPostprocessing = 0;
			shellPath = /bin/sh;
			shellScript = "\"${PODS_ROOT}/Target Support Files/Pods-RecordingRoutes/Pods-RecordingRoutes-frameworks.sh\"\n";
			showEnvVarsInLog = 0;
		};
		F510E5D163C46FF92F8E6FFA /* [CP] Copy Pods Resources */ = {
			isa = PBXShellScriptBuildPhase;
			buildActionMask = 2147483647;
			files = (
			);
			inputFileListPaths = (
				"${PODS_ROOT}/Target Support Files/Pods-RecordingRoutes/Pods-RecordingRoutes-resources-${CONFIGURATION}-input-files.xcfilelist",
			);
			name = "[CP] Copy Pods Resources";
			outputFileListPaths = (
				"${PODS_ROOT}/Target Support Files/Pods-RecordingRoutes/Pods-RecordingRoutes-resources-${CONFIGURATION}-output-files.xcfilelist",
			);
			runOnlyForDeploymentPostprocessing = 0;
			shellPath = /bin/sh;
			shellScript = "\"${PODS_ROOT}/Target Support Files/Pods-RecordingRoutes/Pods-RecordingRoutes-resources.sh\"\n";
			showEnvVarsInLog = 0;
		};
/* End PBXShellScriptBuildPhase section */

/* Begin PBXSourcesBuildPhase section */
		3A2F851B2433C0F500350726 /* Sources */ = {
			isa = PBXSourcesBuildPhase;
			buildActionMask = 2147483647;
			files = (
				3A2F85272433C0F500350726 /* FirstViewController.swift in Sources */,
				3A2F852F2433C0F500350726 /* RecordingRoutes.xcdatamodeld in Sources */,
				3A3A191F24386DEA0076DCDE /* MapsHandler.swift in Sources */,
				3A3A191C243820F50076DCDE /* DetailsViewController.swift in Sources */,
				3A2F85232433C0F500350726 /* AppDelegate.swift in Sources */,
				3A9421972439140900149773 /* Global.swift in Sources */,
				3A3A19152437E4540076DCDE /* RouteTableViewCell.swift in Sources */,
				3A3A19132437E2300076DCDE /* RoutesViewController.swift in Sources */,
				3A94219D243942F100149773 /* TimeHandler.swift in Sources */,
				3A9421952439112100149773 /* RoutesHandler.swift in Sources */,
				3AB4235E243D066400909081 /* RouteViewModel.swift in Sources */,
				3A2F85252433C0F500350726 /* SceneDelegate.swift in Sources */,
			);
			runOnlyForDeploymentPostprocessing = 0;
		};
/* End PBXSourcesBuildPhase section */

/* Begin PBXVariantGroup section */
		3A2F852A2433C0F500350726 /* Main.storyboard */ = {
			isa = PBXVariantGroup;
			children = (
				3A2F852B2433C0F500350726 /* Base */,
			);
			name = Main.storyboard;
			sourceTree = "<group>";
		};
		3A2F85322433C0F600350726 /* LaunchScreen.storyboard */ = {
			isa = PBXVariantGroup;
			children = (
				3A2F85332433C0F600350726 /* Base */,
			);
			name = LaunchScreen.storyboard;
			sourceTree = "<group>";
		};
/* End PBXVariantGroup section */

/* Begin XCBuildConfiguration section */
		3A2F85362433C0F600350726 /* Debug */ = {
			isa = XCBuildConfiguration;
			buildSettings = {
				ALWAYS_SEARCH_USER_PATHS = NO;
				CLANG_ANALYZER_NONNULL = YES;
				CLANG_ANALYZER_NUMBER_OBJECT_CONVERSION = YES_AGGRESSIVE;
				CLANG_CXX_LANGUAGE_STANDARD = "gnu++14";
				CLANG_CXX_LIBRARY = "libc++";
				CLANG_ENABLE_MODULES = YES;
				CLANG_ENABLE_OBJC_ARC = YES;
				CLANG_ENABLE_OBJC_WEAK = YES;
				CLANG_WARN_BLOCK_CAPTURE_AUTORELEASING = YES;
				CLANG_WARN_BOOL_CONVERSION = YES;
				CLANG_WARN_COMMA = YES;
				CLANG_WARN_CONSTANT_CONVERSION = YES;
				CLANG_WARN_DEPRECATED_OBJC_IMPLEMENTATIONS = YES;
				CLANG_WARN_DIRECT_OBJC_ISA_USAGE = YES_ERROR;
				CLANG_WARN_DOCUMENTATION_COMMENTS = YES;
				CLANG_WARN_EMPTY_BODY = YES;
				CLANG_WARN_ENUM_CONVERSION = YES;
				CLANG_WARN_INFINITE_RECURSION = YES;
				CLANG_WARN_INT_CONVERSION = YES;
				CLANG_WARN_NON_LITERAL_NULL_CONVERSION = YES;
				CLANG_WARN_OBJC_IMPLICIT_RETAIN_SELF = YES;
				CLANG_WARN_OBJC_LITERAL_CONVERSION = YES;
				CLANG_WARN_OBJC_ROOT_CLASS = YES_ERROR;
				CLANG_WARN_RANGE_LOOP_ANALYSIS = YES;
				CLANG_WARN_STRICT_PROTOTYPES = YES;
				CLANG_WARN_SUSPICIOUS_MOVE = YES;
				CLANG_WARN_UNGUARDED_AVAILABILITY = YES_AGGRESSIVE;
				CLANG_WARN_UNREACHABLE_CODE = YES;
				CLANG_WARN__DUPLICATE_METHOD_MATCH = YES;
				COPY_PHASE_STRIP = NO;
				DEBUG_INFORMATION_FORMAT = dwarf;
				ENABLE_STRICT_OBJC_MSGSEND = YES;
				ENABLE_TESTABILITY = YES;
				GCC_C_LANGUAGE_STANDARD = gnu11;
				GCC_DYNAMIC_NO_PIC = NO;
				GCC_NO_COMMON_BLOCKS = YES;
				GCC_OPTIMIZATION_LEVEL = 0;
				GCC_PREPROCESSOR_DEFINITIONS = (
					"DEBUG=1",
					"$(inherited)",
				);
				GCC_WARN_64_TO_32_BIT_CONVERSION = YES;
				GCC_WARN_ABOUT_RETURN_TYPE = YES_ERROR;
				GCC_WARN_UNDECLARED_SELECTOR = YES;
				GCC_WARN_UNINITIALIZED_AUTOS = YES_AGGRESSIVE;
				GCC_WARN_UNUSED_FUNCTION = YES;
				GCC_WARN_UNUSED_VARIABLE = YES;
				IPHONEOS_DEPLOYMENT_TARGET = 13.2;
				MTL_ENABLE_DEBUG_INFO = INCLUDE_SOURCE;
				MTL_FAST_MATH = YES;
				ONLY_ACTIVE_ARCH = YES;
				SDKROOT = iphoneos;
				SWIFT_ACTIVE_COMPILATION_CONDITIONS = DEBUG;
				SWIFT_OPTIMIZATION_LEVEL = "-Onone";
			};
			name = Debug;
		};
		3A2F85372433C0F600350726 /* Release */ = {
			isa = XCBuildConfiguration;
			buildSettings = {
				ALWAYS_SEARCH_USER_PATHS = NO;
				CLANG_ANALYZER_NONNULL = YES;
				CLANG_ANALYZER_NUMBER_OBJECT_CONVERSION = YES_AGGRESSIVE;
				CLANG_CXX_LANGUAGE_STANDARD = "gnu++14";
				CLANG_CXX_LIBRARY = "libc++";
				CLANG_ENABLE_MODULES = YES;
				CLANG_ENABLE_OBJC_ARC = YES;
				CLANG_ENABLE_OBJC_WEAK = YES;
				CLANG_WARN_BLOCK_CAPTURE_AUTORELEASING = YES;
				CLANG_WARN_BOOL_CONVERSION = YES;
				CLANG_WARN_COMMA = YES;
				CLANG_WARN_CONSTANT_CONVERSION = YES;
				CLANG_WARN_DEPRECATED_OBJC_IMPLEMENTATIONS = YES;
				CLANG_WARN_DIRECT_OBJC_ISA_USAGE = YES_ERROR;
				CLANG_WARN_DOCUMENTATION_COMMENTS = YES;
				CLANG_WARN_EMPTY_BODY = YES;
				CLANG_WARN_ENUM_CONVERSION = YES;
				CLANG_WARN_INFINITE_RECURSION = YES;
				CLANG_WARN_INT_CONVERSION = YES;
				CLANG_WARN_NON_LITERAL_NULL_CONVERSION = YES;
				CLANG_WARN_OBJC_IMPLICIT_RETAIN_SELF = YES;
				CLANG_WARN_OBJC_LITERAL_CONVERSION = YES;
				CLANG_WARN_OBJC_ROOT_CLASS = YES_ERROR;
				CLANG_WARN_RANGE_LOOP_ANALYSIS = YES;
				CLANG_WARN_STRICT_PROTOTYPES = YES;
				CLANG_WARN_SUSPICIOUS_MOVE = YES;
				CLANG_WARN_UNGUARDED_AVAILABILITY = YES_AGGRESSIVE;
				CLANG_WARN_UNREACHABLE_CODE = YES;
				CLANG_WARN__DUPLICATE_METHOD_MATCH = YES;
				COPY_PHASE_STRIP = NO;
				DEBUG_INFORMATION_FORMAT = "dwarf-with-dsym";
				ENABLE_NS_ASSERTIONS = NO;
				ENABLE_STRICT_OBJC_MSGSEND = YES;
				GCC_C_LANGUAGE_STANDARD = gnu11;
				GCC_NO_COMMON_BLOCKS = YES;
				GCC_WARN_64_TO_32_BIT_CONVERSION = YES;
				GCC_WARN_ABOUT_RETURN_TYPE = YES_ERROR;
				GCC_WARN_UNDECLARED_SELECTOR = YES;
				GCC_WARN_UNINITIALIZED_AUTOS = YES_AGGRESSIVE;
				GCC_WARN_UNUSED_FUNCTION = YES;
				GCC_WARN_UNUSED_VARIABLE = YES;
				IPHONEOS_DEPLOYMENT_TARGET = 13.2;
				MTL_ENABLE_DEBUG_INFO = NO;
				MTL_FAST_MATH = YES;
				SDKROOT = iphoneos;
				SWIFT_COMPILATION_MODE = wholemodule;
				SWIFT_OPTIMIZATION_LEVEL = "-O";
				VALIDATE_PRODUCT = YES;
			};
			name = Release;
		};
		3A2F85392433C0F600350726 /* Debug */ = {
			isa = XCBuildConfiguration;
			baseConfigurationReference = B99CAD13823C21CE39D18745 /* Pods-RecordingRoutes.debug.xcconfig */;
			buildSettings = {
				ASSETCATALOG_COMPILER_APPICON_NAME = "AppIcon-1";
				CODE_SIGN_STYLE = Automatic;
				DEVELOPMENT_TEAM = "";
				INFOPLIST_FILE = RecordingRoutes/Info.plist;
				IPHONEOS_DEPLOYMENT_TARGET = 11.0;
				LD_RUNPATH_SEARCH_PATHS = (
					"$(inherited)",
					"@executable_path/Frameworks",
				);
				PRODUCT_BUNDLE_IDENTIFIER = adriancruz.RecordingRoutes;
				PRODUCT_NAME = "$(TARGET_NAME)";
				SWIFT_VERSION = 5.0;
				TARGETED_DEVICE_FAMILY = "1,2";
			};
			name = Debug;
		};
		3A2F853A2433C0F600350726 /* Release */ = {
			isa = XCBuildConfiguration;
			baseConfigurationReference = 01E88DA78AF7891FCB7E13B8 /* Pods-RecordingRoutes.release.xcconfig */;
			buildSettings = {
				ASSETCATALOG_COMPILER_APPICON_NAME = "AppIcon-1";
				CODE_SIGN_STYLE = Automatic;
				DEVELOPMENT_TEAM = "";
				INFOPLIST_FILE = RecordingRoutes/Info.plist;
				IPHONEOS_DEPLOYMENT_TARGET = 11.0;
				LD_RUNPATH_SEARCH_PATHS = (
					"$(inherited)",
					"@executable_path/Frameworks",
				);
				PRODUCT_BUNDLE_IDENTIFIER = adriancruz.RecordingRoutes;
				PRODUCT_NAME = "$(TARGET_NAME)";
				SWIFT_VERSION = 5.0;
				TARGETED_DEVICE_FAMILY = "1,2";
			};
			name = Release;
		};
/* End XCBuildConfiguration section */

/* Begin XCConfigurationList section */
		3A2F851A2433C0F500350726 /* Build configuration list for PBXProject "RecordingRoutes" */ = {
			isa = XCConfigurationList;
			buildConfigurations = (
				3A2F85362433C0F600350726 /* Debug */,
				3A2F85372433C0F600350726 /* Release */,
			);
			defaultConfigurationIsVisible = 0;
			defaultConfigurationName = Release;
		};
		3A2F85382433C0F600350726 /* Build configuration list for PBXNativeTarget "RecordingRoutes" */ = {
			isa = XCConfigurationList;
			buildConfigurations = (
				3A2F85392433C0F600350726 /* Debug */,
				3A2F853A2433C0F600350726 /* Release */,
			);
			defaultConfigurationIsVisible = 0;
			defaultConfigurationName = Release;
		};
/* End XCConfigurationList section */

/* Begin XCVersionGroup section */
		3A2F852D2433C0F500350726 /* RecordingRoutes.xcdatamodeld */ = {
			isa = XCVersionGroup;
			children = (
				3A2F852E2433C0F500350726 /* RecordingRoutes.xcdatamodel */,
			);
			currentVersion = 3A2F852E2433C0F500350726 /* RecordingRoutes.xcdatamodel */;
			path = RecordingRoutes.xcdatamodeld;
			sourceTree = "<group>";
			versionGroupType = wrapper.xcdatamodel;
		};
/* End XCVersionGroup section */
	};
	rootObject = 3A2F85172433C0F500350726 /* Project object */;
}
